
Microsoft Visual Studio Solution File, Format Version 12.00
# Visual Studio Version 17
VisualStudioVersion = 17.0.31903.59
MinimumVisualStudioVersion = 10.0.40219.1
Project("{2150E333-8FDC-42A3-9474-1A3956D46DE8}") = "src", "src", "{827E0CD3-B72D-47B6-A68D-7590B98EB39B}"
EndProject
Project("{FAE04EC0-301F-11D3-BF4B-00C04F79EFBC}") = "DownloadLimit.Core", "src\DownloadLimit.Core\DownloadLimit.Core.csproj", "{DECA15CF-9323-43B2-ADB2-1685CB9B406C}"
EndProject
Project("{FAE04EC0-301F-11D3-BF4B-00C04F79EFBC}") = "DownloadLimit.Windows", "src\DownloadLimit.Windows\DownloadLimit.Windows.csproj", "{498AA19D-467E-4CF2-B69B-1CB060085280}"
EndProject
Project("{FAE04EC0-301F-11D3-BF4B-00C04F79EFBC}") = "DownloadLimit.App", "src\DownloadLimit.App\DownloadLimit.App.csproj", "{823D0393-6A3B-4967-826F-EA01E306EDFD}"
EndProject
Project("{2150E333-8FDC-42A3-9474-1A3956D46DE8}") = "tests", "tests", "{0AB3BF05-4346-4AA6-1389-037BE0695223}"
EndProject
Project("{FAE04EC0-301F-11D3-BF4B-00C04F79EFBC}") = "DownloadLimit.Tests", "tests\DownloadLimit.Tests\DownloadLimit.Tests.csproj", "{01964C25-0723-45FE-B795-7412C7CC6CB8}"
EndProject
Project("{FAE04EC0-301F-11D3-BF4B-00C04F79EFBC}") = "DownloadLimit.Windows.Tests", "tests\DownloadLimit.Windows.Tests\DownloadLimit.Windows.Tests.csproj", "{ECC1815D-714F-48E3-BFC3-45AADE5B75D9}"
EndProject
Project("{FAE04EC0-301F-11D3-BF4B-00C04F79EFBC}") = "DownloadLimit.LiveSmoke", "tests\DownloadLimit.LiveSmoke\DownloadLimit.LiveSmoke.csproj", "{EA92D26F-A3DE-4525-8BAA-97E65B61232D}"
EndProject
Global
	GlobalSection(SolutionConfigurationPlatforms) = preSolution
		Debug|Any CPU = Debug|Any CPU
		Debug|x64 = Debug|x64
		Debug|x86 = Debug|x86
		Release|Any CPU = Release|Any CPU
		Release|x64 = Release|x64
		Release|x86 = Release|x86
	EndGlobalSection
	GlobalSection(ProjectConfigurationPlatforms) = postSolution
		{DECA15CF-9323-43B2-ADB2-1685CB9B406C}.Debug|Any CPU.ActiveCfg = Debug|Any CPU
		{DECA15CF-9323-43B2-ADB2-1685CB9B406C}.Debug|Any CPU.Build.0 = Debug|Any CPU
		{DECA15CF-9323-43B2-ADB2-1685CB9B406C}.Debug|x64.ActiveCfg = Debug|Any CPU
		{DECA15CF-9323-43B2-ADB2-1685CB9B406C}.Debug|x64.Build.0 = Debug|Any CPU
		{DECA15CF-9323-43B2-ADB2-1685CB9B406C}.Debug|x86.ActiveCfg = Debug|Any CPU
		{DECA15CF-9323-43B2-ADB2-1685CB9B406C}.Debug|x86.Build.0 = Debug|Any CPU
		{DECA15CF-9323-43B2-ADB2-1685CB9B406C}.Release|Any CPU.ActiveCfg = Release|Any CPU
		{DECA15CF-9323-43B2-ADB2-1685CB9B406C}.Release|Any CPU.Build.0 = Release|Any CPU
		{DECA15CF-9323-43B2-ADB2-1685CB9B406C}.Release|x64.ActiveCfg = Release|Any CPU
		{DECA15CF-9323-43B2-ADB2-1685CB9B406C}.Release|x64.Build.0 = Release|Any CPU
		{DECA15CF-9323-43B2-ADB2-1685CB9B406C}.Release|x86.ActiveCfg = Release|Any CPU
		{DECA15CF-9323-43B2-ADB2-1685CB9B406C}.Release|x86.Build.0 = Release|Any CPU
		{498AA19D-467E-4CF2-B69B-1CB060085280}.Debug|Any CPU.ActiveCfg = Debug|Any CPU
		{498AA19D-467E-4CF2-B69B-1CB060085280}.Debug|Any CPU.Build.0 = Debug|Any CPU
		{498AA19D-467E-4CF2-B69B-1CB060085280}.Debug|x64.ActiveCfg = Debug|Any CPU
		{498AA19D-467E-4CF2-B69B-1CB060085280}.Debug|x64.Build.0 = Debug|Any CPU
		{498AA19D-467E-4CF2-B69B-1CB060085280}.Debug|x86.ActiveCfg = Debug|Any CPU
		{498AA19D-467E-4CF2-B69B-1CB060085280}.Debug|x86.Build.0 = Debug|Any CPU
		{498AA19D-467E-4CF2-B69B-1CB060085280}.Release|Any CPU.ActiveCfg = Release|Any CPU
		{498AA19D-467E-4CF2-B69B-1CB060085280}.Release|Any CPU.Build.0 = Release|Any CPU
		{498AA19D-467E-4CF2-B69B-1CB060085280}.Release|x64.ActiveCfg = Release|Any CPU
		{498AA19D-467E-4CF2-B69B-1CB060085280}.Release|x64.Build.0 = Release|Any CPU
		{498AA19D-467E-4CF2-B69B-1CB060085280}.Release|x86.ActiveCfg = Release|Any CPU
		{498AA19D-467E-4CF2-B69B-1CB060085280}.Release|x86.Build.0 = Release|Any CPU
		{823D0393-6A3B-4967-826F-EA01E306EDFD}.Debug|Any CPU.ActiveCfg = Debug|Any CPU
		{823D0393-6A3B-4967-826F-EA01E306EDFD}.Debug|Any CPU.Build.0 = Debug|Any CPU
		{823D0393-6A3B-4967-826F-EA01E306EDFD}.Debug|x64.ActiveCfg = Debug|Any CPU
		{823D0393-6A3B-4967-826F-EA01E306EDFD}.Debug|x64.Build.0 = Debug|Any CPU
		{823D0393-6A3B-4967-826F-EA01E306EDFD}.Debug|x86.ActiveCfg = Debug|Any CPU
		{823D0393-6A3B-4967-826F-EA01E306EDFD}.Debug|x86.Build.0 = Debug|Any CPU
		{823D0393-6A3B-4967-826F-EA01E306EDFD}.Release|Any CPU.ActiveCfg = Release|Any CPU
		{823D0393-6A3B-4967-826F-EA01E306EDFD}.Release|Any CPU.Build.0 = Release|Any CPU
		{823D0393-6A3B-4967-826F-EA01E306EDFD}.Release|x64.ActiveCfg = Release|Any CPU
		{823D0393-6A3B-4967-826F-EA01E306EDFD}.Release|x64.Build.0 = Release|Any CPU
		{823D0393-6A3B-4967-826F-EA01E306EDFD}.Release|x86.ActiveCfg = Release|Any CPU
		{823D0393-6A3B-4967-826F-EA01E306EDFD}.Release|x86.Build.0 = Release|Any CPU
		{01964C25-0723-45FE-B795-7412C7CC6CB8}.Debug|Any CPU.ActiveCfg = Debug|Any CPU
		{01964C25-0723-45FE-B795-7412C7CC6CB8}.Debug|Any CPU.Build.0 = Debug|Any CPU
		{01964C25-0723-45FE-B795-7412C7CC6CB8}.Debug|x64.ActiveCfg = Debug|Any CPU
		{01964C25-0723-45FE-B795-7412C7CC6CB8}.Debug|x64.Build.0 = Debug|Any CPU
		{01964C25-0723-45FE-B795-7412C7CC6CB8}.Debug|x86.ActiveCfg = Debug|Any CPU
		{01964C25-0723-45FE-B795-7412C7CC6CB8}.Debug|x86.Build.0 = Debug|Any CPU
		{01964C25-0723-45FE-B795-7412C7CC6CB8}.Release|Any CPU.ActiveCfg = Release|Any CPU
		{01964C25-0723-45FE-B795-7412C7CC6CB8}.Release|Any CPU.Build.0 = Release|Any CPU
		{01964C25-0723-45FE-B795-7412C7CC6CB8}.Release|x64.ActiveCfg = Release|Any CPU
		{01964C25-0723-45FE-B795-7412C7CC6CB8}.Release|x64.Build.0 = Release|Any CPU
		{01964C25-0723-45FE-B795-7412C7CC6CB8}.Release|x86.ActiveCfg = Release|Any CPU
		{01964C25-0723-45FE-B795-7412C7CC6CB8}.Release|x86.Build.0 = Release|Any CPU
		{ECC1815D-714F-48E3-BFC3-45AADE5B75D9}.Debug|Any CPU.ActiveCfg = Debug|Any CPU
		{ECC1815D-714F-48E3-BFC3-45AADE5B75D9}.Debug|Any CPU.Build.0 = Debug|Any CPU
		{ECC1815D-714F-48E3-BFC3-45AADE5B75D9}.Debug|x64.ActiveCfg = Debug|Any CPU
		{ECC1815D-714F-48E3-BFC3-45AADE5B75D9}.Debug|x64.Build.0 = Debug|Any CPU
		{ECC1815D-714F-48E3-BFC3-45AADE5B75D9}.Debug|x86.ActiveCfg = Debug|Any CPU
		{ECC1815D-714F-48E3-BFC3-45AADE5B75D9}.Debug|x86.Build.0 = Debug|Any CPU
		{ECC1815D-714F-48E3-BFC3-45AADE5B75D9}.Release|Any CPU.ActiveCfg = Release|Any CPU
		{ECC1815D-714F-48E3-BFC3-45AADE5B75D9}.Release|Any CPU.Build.0 = Release|Any CPU
		{ECC1815D-714F-48E3-BFC3-45AADE5B75D9}.Release|x64.ActiveCfg = Release|Any CPU
		{ECC1815D-714F-48E3-BFC3-45AADE5B75D9}.Release|x64.Build.0 = Release|Any CPU
		{ECC1815D-714F-48E3-BFC3-45AADE5B75D9}.Release|x86.ActiveCfg = Release|Any CPU
		{ECC1815D-714F-48E3-BFC3-45AADE5B75D9}.Release|x86.Build.0 = Release|Any CPU
		{EA92D26F-A3DE-4525-8BAA-97E65B61232D}.Debug|Any CPU.ActiveCfg = Debug|Any CPU
		{EA92D26F-A3DE-4525-8BAA-97E65B61232D}.Debug|Any CPU.Build.0 = Debug|Any CPU
		{EA92D26F-A3DE-4525-8BAA-97E65B61232D}.Debug|x64.ActiveCfg = Debug|Any CPU
		{EA92D26F-A3DE-4525-8BAA-97E65B61232D}.Debug|x64.Build.0 = Debug|Any CPU
		{EA92D26F-A3DE-4525-8BAA-97E65B61232D}.Debug|x86.ActiveCfg = Debug|Any CPU
		{EA92D26F-A3DE-4525-8BAA-97E65B61232D}.Debug|x86.Build.0 = Debug|Any CPU
		{EA92D26F-A3DE-4525-8BAA-97E65B61232D}.Release|Any CPU.ActiveCfg = Release|Any CPU
		{EA92D26F-A3DE-4525-8BAA-97E65B61232D}.Release|Any CPU.Build.0 = Release|Any CPU
		{EA92D26F-A3DE-4525-8BAA-97E65B61232D}.Release|x64.ActiveCfg = Release|Any CPU
		{EA92D26F-A3DE-4525-8BAA-97E65B61232D}.Release|x64.Build.0 = Release|Any CPU
		{EA92D26F-A3DE-4525-8BAA-97E65B61232D}.Release|x86.ActiveCfg = Release|Any CPU
		{EA92D26F-A3DE-4525-8BAA-97E65B61232D}.Release|x86.Build.0 = Release|Any CPU
	EndGlobalSection
	GlobalSection(SolutionProperties) = preSolution
		HideSolutionNode = FALSE
	EndGlobalSection
	GlobalSection(NestedProjects) = preSolution
		{DECA15CF-9323-43B2-ADB2-1685CB9B406C} = {827E0CD3-B72D-47B6-A68D-7590B98EB39B}
		{498AA19D-467E-4CF2-B69B-1CB060085280} = {827E0CD3-B72D-47B6-A68D-7590B98EB39B}
		{823D0393-6A3B-4967-826F-EA01E306EDFD} = {827E0CD3-B72D-47B6-A68D-7590B98EB39B}
		{01964C25-0723-45FE-B795-7412C7CC6CB8} = {0AB3BF05-4346-4AA6-1389-037BE0695223}
		{ECC1815D-714F-48E3-BFC3-45AADE5B75D9} = {0AB3BF05-4346-4AA6-1389-037BE0695223}
		{EA92D26F-A3DE-4525-8BAA-97E65B61232D} = {0AB3BF05-4346-4AA6-1389-037BE0695223}
	EndGlobalSection
EndGlobal
